
Microsoft Visual Studio Solution File, Format Version 12.00
# Visual Studio Version 16
VisualStudioVersion = 16.0.28803.352
MinimumVisualStudioVersion = 10.0.40219.1
Project("{FAE04EC0-301F-11D3-BF4B-00C04F79EFBC}") = "Circular Bar", "Circular Bar\Circular Bar.csproj", "{78143F26-547E-4D6B-91D9-6E9E75006EE2}"
EndProject
Global
	GlobalSection(SolutionConfigurationPlatforms) = preSolution
		Debug|Any CPU = Debug|Any CPU
		Release|Any CPU = Release|Any CPU
	EndGlobalSection
	GlobalSection(ProjectConfigurationPlatforms) = postSolution
		{78143F26-547E-4D6B-91D9-6E9E75006EE2}.Debug|Any CPU.ActiveCfg = Debug|Any CPU
		{78143F26-547E-4D6B-91D9-6E9E75006EE2}.Debug|Any CPU.Build.0 = Debug|Any CPU
		{78143F26-547E-4D6B-91D9-6E9E75006EE2}.Release|Any CPU.ActiveCfg = Release|Any CPU
		{78143F26-547E-4D6B-91D9-6E9E75006EE2}.Release|Any CPU.Build.0 = Release|Any CPU
	EndGlobalSection
	GlobalSection(SolutionProperties) = preSolution
		HideSolutionNode = FALSE
	EndGlobalSection
	GlobalSection(ExtensibilityGlobals) = postSolution
		SolutionGuid = {FA94120B-6375-4E26-9F27-A0471CC14089}
	EndGlobalSection
EndGlobal
